// !$*UTF8*$!
{
	archiveVersion = 1;
	classes = {
	};
	objectVersion = 46;
	objects = {

/* Begin PBXBuildFile section */
		C40801FA1F6774650057E680 /* xzzTableViewCell.m in Sources */ = {isa = PBXBuildFile; fileRef = C40801F81F6774650057E680 /* xzzTableViewCell.m */; };
		C40801FB1F6774650057E680 /* xzzTableViewCell.xib in Resources */ = {isa = PBXBuildFile; fileRef = C40801F91F6774650057E680 /* xzzTableViewCell.xib */; };
		C4D404571F667A6B003A3A5F /* main.m in Sources */ = {isa = PBXBuildFile; fileRef = C4D404561F667A6B003A3A5F /* main.m */; };
		C4D4045A1F667A6B003A3A5F /* AppDelegate.m in Sources */ = {isa = PBXBuildFile; fileRef = C4D404591F667A6B003A3A5F /* AppDelegate.m */; };
		C4D404601F667A6B003A3A5F /* Main.storyboard in Resources */ = {isa = PBXBuildFile; fileRef = C4D4045E1F667A6B003A3A5F /* Main.storyboard */; };
		C4D404621F667A6B003A3A5F /* Assets.xcassets in Resources */ = {isa = PBXBuildFile; fileRef = C4D404611F667A6B003A3A5F /* Assets.xcassets */; };
		C4D404651F667A6B003A3A5F /* LaunchScreen.storyboard in Resources */ = {isa = PBXBuildFile; fileRef = C4D404631F667A6B003A3A5F /* LaunchScreen.storyboard */; };
		C4D404701F667A6B003A3A5F /* TB_________Tests.m in Sources */ = {isa = PBXBuildFile; fileRef = C4D4046F1F667A6B003A3A5F /* TB_________Tests.m */; };
		C4D4047B1F667A6B003A3A5F /* TB_________UITests.m in Sources */ = {isa = PBXBuildFile; fileRef = C4D4047A1F667A6B003A3A5F /* TB_________UITests.m */; };
		C4D4048C1F668228003A3A5F /* data.json in Resources */ = {isa = PBXBuildFile; fileRef = C4D4048B1F668228003A3A5F /* data.json */; };
		C4D404961F6686F1003A3A5F /* UITableView+FDIndexPathHeightCache.m in Sources */ = {isa = PBXBuildFile; fileRef = C4D4048F1F6686F1003A3A5F /* UITableView+FDIndexPathHeightCache.m */; };
		C4D404971F6686F1003A3A5F /* UITableView+FDKeyedHeightCache.m in Sources */ = {isa = PBXBuildFile; fileRef = C4D404911F6686F1003A3A5F /* UITableView+FDKeyedHeightCache.m */; };
		C4D404981F6686F1003A3A5F /* UITableView+FDTemplateLayoutCell.m in Sources */ = {isa = PBXBuildFile; fileRef = C4D404931F6686F1003A3A5F /* UITableView+FDTemplateLayoutCell.m */; };
		C4D404991F6686F1003A3A5F /* UITableView+FDTemplateLayoutCellDebug.m in Sources */ = {isa = PBXBuildFile; fileRef = C4D404951F6686F1003A3A5F /* UITableView+FDTemplateLayoutCellDebug.m */; };
		C4D404B61F668969003A3A5F /* xzzModel.m in Sources */ = {isa = PBXBuildFile; fileRef = C4D404B51F668969003A3A5F /* xzzModel.m */; };
		C4D404BA1F668A32003A3A5F /* xzzViewController.m in Sources */ = {isa = PBXBuildFile; fileRef = C4D404B81F668A32003A3A5F /* xzzViewController.m */; };
		C4D404BB1F668A32003A3A5F /* xzzViewController.xib in Resources */ = {isa = PBXBuildFile; fileRef = C4D404B91F668A32003A3A5F /* xzzViewController.xib */; };
		E0FB6EE21B08EE41F81F07AF /* libPods-TB优化新版(辛小二).a in Frameworks */ = {isa = PBXBuildFile; fileRef = 0D7A6AEAE5CE74B86C8F26D8 /* libPods-TB优化新版(辛小二).a */; };
/* End PBXBuildFile section */

/* Begin PBXContainerItemProxy section */
		C4D4046C1F667A6B003A3A5F /* PBXContainerItemProxy */ = {
			isa = PBXContainerItemProxy;
			containerPortal = C4D4044A1F667A6B003A3A5F /* Project object */;
			proxyType = 1;
			remoteGlobalIDString = C4D404511F667A6B003A3A5F;
			remoteInfo = "TB优化新版(辛小二)";
		};
		C4D404771F667A6B003A3A5F /* PBXContainerItemProxy */ = {
			isa = PBXContainerItemProxy;
			containerPortal = C4D4044A1F667A6B003A3A5F /* Project object */;
			proxyType = 1;
			remoteGlobalIDString = C4D404511F667A6B003A3A5F;
			remoteInfo = "TB优化新版(辛小二)";
		};
/* End PBXContainerItemProxy section */

/* Begin PBXFileReference section */
		0D7A6AEAE5CE74B86C8F26D8 /* libPods-TB优化新版(辛小二).a */ = {isa = PBXFileReference; explicitFileType = archive.ar; includeInIndex = 0; path = "libPods-TB优化新版(辛小二).a"; sourceTree = BUILT_PRODUCTS_DIR; };
		9FFFFAB54B7160AFA9D91C93 /* Pods-TB优化新版(辛小二).debug.xcconfig */ = {isa = PBXFileReference; includeInIndex = 1; lastKnownFileType = text.xcconfig; name = "Pods-TB优化新版(辛小二).debug.xcconfig"; path = "Pods/Target Support Files/Pods-TB优化新版(辛小二)/Pods-TB优化新版(辛小二).debug.xcconfig"; sourceTree = "<group>"; };
		C40801F71F6774650057E680 /* xzzTableViewCell.h */ = {isa = PBXFileReference; fileEncoding = 4; lastKnownFileType = sourcecode.c.h; path = xzzTableViewCell.h; sourceTree = "<group>"; };
		C40801F81F6774650057E680 /* xzzTableViewCell.m */ = {isa = PBXFileReference; fileEncoding = 4; lastKnownFileType = sourcecode.c.objc; path = xzzTableViewCell.m; sourceTree = "<group>"; };
		C40801F91F6774650057E680 /* xzzTableViewCell.xib */ = {isa = PBXFileReference; fileEncoding = 4; lastKnownFileType = file.xib; path = xzzTableViewCell.xib; sourceTree = "<group>"; };
		C4D404521F667A6B003A3A5F /* TB优化新版(辛小二).app */ = {isa = PBXFileReference; explicitFileType = wrapper.application; includeInIndex = 0; path = "TB优化新版(辛小二).app"; sourceTree = BUILT_PRODUCTS_DIR; };
		C4D404561F667A6B003A3A5F /* main.m */ = {isa = PBXFileReference; lastKnownFileType = sourcecode.c.objc; path = main.m; sourceTree = "<group>"; };
		C4D404581F667A6B003A3A5F /* AppDelegate.h */ = {isa = PBXFileReference; lastKnownFileType = sourcecode.c.h; path = AppDelegate.h; sourceTree = "<group>"; };
		C4D404591F667A6B003A3A5F /* AppDelegate.m */ = {isa = PBXFileReference; lastKnownFileType = sourcecode.c.objc; path = AppDelegate.m; sourceTree = "<group>"; };
		C4D4045F1F667A6B003A3A5F /* Base */ = {isa = PBXFileReference; lastKnownFileType = file.storyboard; name = Base; path = Base.lproj/Main.storyboard; sourceTree = "<group>"; };
		C4D404611F667A6B003A3A5F /* Assets.xcassets */ = {isa = PBXFileReference; lastKnownFileType = folder.assetcatalog; path = Assets.xcassets; sourceTree = "<group>"; };
		C4D404641F667A6B003A3A5F /* Base */ = {isa = PBXFileReference; lastKnownFileType = file.storyboard; name = Base; path = Base.lproj/LaunchScreen.storyboard; sourceTree = "<group>"; };
		C4D404661F667A6B003A3A5F /* Info.plist */ = {isa = PBXFileReference; lastKnownFileType = text.plist.xml; path = Info.plist; sourceTree = "<group>"; };
		C4D4046B1F667A6B003A3A5F /* TB优化新版(辛小二)Tests.xctest */ = {isa = PBXFileReference; explicitFileType = wrapper.cfbundle; includeInIndex = 0; path = "TB优化新版(辛小二)Tests.xctest"; sourceTree = BUILT_PRODUCTS_DIR; };
		C4D4046F1F667A6B003A3A5F /* TB_________Tests.m */ = {isa = PBXFileReference; lastKnownFileType = sourcecode.c.objc; path = "TB_________Tests.m"; sourceTree = "<group>"; };
		C4D404711F667A6B003A3A5F /* Info.plist */ = {isa = PBXFileReference; lastKnownFileType = text.plist.xml; path = Info.plist; sourceTree = "<group>"; };
		C4D404761F667A6B003A3A5F /* TB优化新版(辛小二)UITests.xctest */ = {isa = PBXFileReference; explicitFileType = wrapper.cfbundle; includeInIndex = 0; path = "TB优化新版(辛小二)UITests.xctest"; sourceTree = BUILT_PRODUCTS_DIR; };
		C4D4047A1F667A6B003A3A5F /* TB_________UITests.m */ = {isa = PBXFileReference; lastKnownFileType = sourcecode.c.objc; path = "TB_________UITests.m"; sourceTree = "<group>"; };
		C4D4047C1F667A6B003A3A5F /* Info.plist */ = {isa = PBXFileReference; lastKnownFileType = text.plist.xml; path = Info.plist; sourceTree = "<group>"; };
		C4D4048B1F668228003A3A5F /* data.json */ = {isa = PBXFileReference; fileEncoding = 4; lastKnownFileType = text.json; path = data.json; sourceTree = "<group>"; };
		C4D4048E1F6686F1003A3A5F /* UITableView+FDIndexPathHeightCache.h */ = {isa = PBXFileReference; fileEncoding = 4; lastKnownFileType = sourcecode.c.h; path = "UITableView+FDIndexPathHeightCache.h"; sourceTree = "<group>"; };
		C4D4048F1F6686F1003A3A5F /* UITableView+FDIndexPathHeightCache.m */ = {isa = PBXFileReference; fileEncoding = 4; lastKnownFileType = sourcecode.c.objc; path = "UITableView+FDIndexPathHeightCache.m"; sourceTree = "<group>"; };
		C4D404901F6686F1003A3A5F /* UITableView+FDKeyedHeightCache.h */ = {isa = PBXFileReference; fileEncoding = 4; lastKnownFileType = sourcecode.c.h; path = "UITableView+FDKeyedHeightCache.h"; sourceTree = "<group>"; };
		C4D404911F6686F1003A3A5F /* UITableView+FDKeyedHeightCache.m */ = {isa = PBXFileReference; fileEncoding = 4; lastKnownFileType = sourcecode.c.objc; path = "UITableView+FDKeyedHeightCache.m"; sourceTree = "<group>"; };
		C4D404921F6686F1003A3A5F /* UITableView+FDTemplateLayoutCell.h */ = {isa = PBXFileReference; fileEncoding = 4; lastKnownFileType = sourcecode.c.h; path = "UITableView+FDTemplateLayoutCell.h"; sourceTree = "<group>"; };
		C4D404931F6686F1003A3A5F /* UITableView+FDTemplateLayoutCell.m */ = {isa = PBXFileReference; fileEncoding = 4; lastKnownFileType = sourcecode.c.objc; path = "UITableView+FDTemplateLayoutCell.m"; sourceTree = "<group>"; };
		C4D404941F6686F1003A3A5F /* UITableView+FDTemplateLayoutCellDebug.h */ = {isa = PBXFileReference; fileEncoding = 4; lastKnownFileType = sourcecode.c.h; path = "UITableView+FDTemplateLayoutCellDebug.h"; sourceTree = "<group>"; };
		C4D404951F6686F1003A3A5F /* UITableView+FDTemplateLayoutCellDebug.m */ = {isa = PBXFileReference; fileEncoding = 4; lastKnownFileType = sourcecode.c.objc; path = "UITableView+FDTemplateLayoutCellDebug.m"; sourceTree = "<group>"; };
		C4D404B41F668969003A3A5F /* xzzModel.h */ = {isa = PBXFileReference; fileEncoding = 4; lastKnownFileType = sourcecode.c.h; path = xzzModel.h; sourceTree = "<group>"; };
		C4D404B51F668969003A3A5F /* xzzModel.m */ = {isa = PBXFileReference; fileEncoding = 4; lastKnownFileType = sourcecode.c.objc; path = xzzModel.m; sourceTree = "<group>"; };
		C4D404B71F668A32003A3A5F /* xzzViewController.h */ = {isa = PBXFileReference; fileEncoding = 4; lastKnownFileType = sourcecode.c.h; path = xzzViewController.h; sourceTree = "<group>"; };
		C4D404B81F668A32003A3A5F /* xzzViewController.m */ = {isa = PBXFileReference; fileEncoding = 4; lastKnownFileType = sourcecode.c.objc; path = xzzViewController.m; sourceTree = "<group>"; };
		C4D404B91F668A32003A3A5F /* xzzViewController.xib */ = {isa = PBXFileReference; fileEncoding = 4; lastKnownFileType = file.xib; path = xzzViewController.xib; sourceTree = "<group>"; };
		EA7097C27CDBA54913C9E67B /* Pods-TB优化新版(辛小二).release.xcconfig */ = {isa = PBXFileReference; includeInIndex = 1; lastKnownFileType = text.xcconfig; name = "Pods-TB优化新版(辛小二).release.xcconfig"; path = "Pods/Target Support Files/Pods-TB优化新版(辛小二)/Pods-TB优化新版(辛小二).release.xcconfig"; sourceTree = "<group>"; };
/* End PBXFileReference section */

/* Begin PBXFrameworksBuildPhase section */
		C4D4044F1F667A6B003A3A5F /* Frameworks */ = {
			isa = PBXFrameworksBuildPhase;
			buildActionMask = 2147483647;
			files = (
				E0FB6EE21B08EE41F81F07AF /* libPods-TB优化新版(辛小二).a in Frameworks */,
			);
			runOnlyForDeploymentPostprocessing = 0;
		};
		C4D404681F667A6B003A3A5F /* Frameworks */ = {
			isa = PBXFrameworksBuildPhase;
			buildActionMask = 2147483647;
			files = (
			);
			runOnlyForDeploymentPostprocessing = 0;
		};
		C4D404731F667A6B003A3A5F /* Frameworks */ = {
			isa = PBXFrameworksBuildPhase;
			buildActionMask = 2147483647;
			files = (
			);
			runOnlyForDeploymentPostprocessing = 0;
		};
/* End PBXFrameworksBuildPhase section */

/* Begin PBXGroup section */
		07AE9123A2B088A2082C2D84 /* Frameworks */ = {
			isa = PBXGroup;
			children = (
				0D7A6AEAE5CE74B86C8F26D8 /* libPods-TB优化新版(辛小二).a */,
			);
			name = Frameworks;
			sourceTree = "<group>";
		};
		45000EA8038768A8E75F62F5 /* Pods */ = {
			isa = PBXGroup;
			children = (
				9FFFFAB54B7160AFA9D91C93 /* Pods-TB优化新版(辛小二).debug.xcconfig */,
				EA7097C27CDBA54913C9E67B /* Pods-TB优化新版(辛小二).release.xcconfig */,
			);
			name = Pods;
			sourceTree = "<group>";
		};
		C4D404491F667A6B003A3A5F = {
			isa = PBXGroup;
			children = (
				C4D404541F667A6B003A3A5F /* TB优化新版(辛小二) */,
				C4D4046E1F667A6B003A3A5F /* TB优化新版(辛小二)Tests */,
				C4D404791F667A6B003A3A5F /* TB优化新版(辛小二)UITests */,
				C4D404531F667A6B003A3A5F /* Products */,
				45000EA8038768A8E75F62F5 /* Pods */,
				07AE9123A2B088A2082C2D84 /* Frameworks */,
			);
			sourceTree = "<group>";
		};
		C4D404531F667A6B003A3A5F /* Products */ = {
			isa = PBXGroup;
			children = (
				C4D404521F667A6B003A3A5F /* TB优化新版(辛小二).app */,
				C4D4046B1F667A6B003A3A5F /* TB优化新版(辛小二)Tests.xctest */,
				C4D404761F667A6B003A3A5F /* TB优化新版(辛小二)UITests.xctest */,
			);
			name = Products;
			sourceTree = "<group>";
		};
		C4D404541F667A6B003A3A5F /* TB优化新版(辛小二) */ = {
			isa = PBXGroup;
			children = (
				C4D404A71F668787003A3A5F /* Model */,
				C4D404A81F668787003A3A5F /* View */,
				C4D404A91F668787003A3A5F /* ViewController */,
				C4D4048D1F6686F1003A3A5F /* Classes */,
				C4D4048A1F668228003A3A5F /* json */,
				C4D404581F667A6B003A3A5F /* AppDelegate.h */,
				C4D404591F667A6B003A3A5F /* AppDelegate.m */,
				C4D4045E1F667A6B003A3A5F /* Main.storyboard */,
				C4D404611F667A6B003A3A5F /* Assets.xcassets */,
				C4D404631F667A6B003A3A5F /* LaunchScreen.storyboard */,
				C4D404661F667A6B003A3A5F /* Info.plist */,
				C4D404551F667A6B003A3A5F /* Supporting Files */,
			);
			path = "TB优化新版(辛小二)";
			sourceTree = "<group>";
		};
		C4D404551F667A6B003A3A5F /* Supporting Files */ = {
			isa = PBXGroup;
			children = (
				C4D404561F667A6B003A3A5F /* main.m */,
			);
			name = "Supporting Files";
			sourceTree = "<group>";
		};
		C4D4046E1F667A6B003A3A5F /* TB优化新版(辛小二)Tests */ = {
			isa = PBXGroup;
			children = (
				C4D4046F1F667A6B003A3A5F /* TB_________Tests.m */,
				C4D404711F667A6B003A3A5F /* Info.plist */,
			);
			path = "TB优化新版(辛小二)Tests";
			sourceTree = "<group>";
		};
		C4D404791F667A6B003A3A5F /* TB优化新版(辛小二)UITests */ = {
			isa = PBXGroup;
			children = (
				C4D4047A1F667A6B003A3A5F /* TB_________UITests.m */,
				C4D4047C1F667A6B003A3A5F /* Info.plist */,
			);
			path = "TB优化新版(辛小二)UITests";
			sourceTree = "<group>";
		};
		C4D4048A1F668228003A3A5F /* json */ = {
			isa = PBXGroup;
			children = (
				C4D4048B1F668228003A3A5F /* data.json */,
			);
			path = json;
			sourceTree = "<group>";
		};
		C4D4048D1F6686F1003A3A5F /* Classes */ = {
			isa = PBXGroup;
			children = (
				C4D4048E1F6686F1003A3A5F /* UITableView+FDIndexPathHeightCache.h */,
				C4D4048F1F6686F1003A3A5F /* UITableView+FDIndexPathHeightCache.m */,
				C4D404901F6686F1003A3A5F /* UITableView+FDKeyedHeightCache.h */,
				C4D404911F6686F1003A3A5F /* UITableView+FDKeyedHeightCache.m */,
				C4D404921F6686F1003A3A5F /* UITableView+FDTemplateLayoutCell.h */,
				C4D404931F6686F1003A3A5F /* UITableView+FDTemplateLayoutCell.m */,
				C4D404941F6686F1003A3A5F /* UITableView+FDTemplateLayoutCellDebug.h */,
				C4D404951F6686F1003A3A5F /* UITableView+FDTemplateLayoutCellDebug.m */,
			);
			path = Classes;
			sourceTree = "<group>";
		};
		C4D404A71F668787003A3A5F /* Model */ = {
			isa = PBXGroup;
			children = (
				C4D404B41F668969003A3A5F /* xzzModel.h */,
				C4D404B51F668969003A3A5F /* xzzModel.m */,
			);
			path = Model;
			sourceTree = "<group>";
		};
		C4D404A81F668787003A3A5F /* View */ = {
			isa = PBXGroup;
			children = (
				C40801F71F6774650057E680 /* xzzTableViewCell.h */,
				C40801F81F6774650057E680 /* xzzTableViewCell.m */,
				C40801F91F6774650057E680 /* xzzTableViewCell.xib */,
			);
			path = View;
			sourceTree = "<group>";
		};
		C4D404A91F668787003A3A5F /* ViewController */ = {
			isa = PBXGroup;
			children = (
				C4D404B71F668A32003A3A5F /* xzzViewController.h */,
				C4D404B81F668A32003A3A5F /* xzzViewController.m */,
				C4D404B91F668A32003A3A5F /* xzzViewController.xib */,
			);
			path = ViewController;
			sourceTree = "<group>";
		};
/* End PBXGroup section */

/* Begin PBXNativeTarget section */
		C4D404511F667A6B003A3A5F /* TB优化新版(辛小二) */ = {
			isa = PBXNativeTarget;
			buildConfigurationList = C4D4047F1F667A6B003A3A5F /* Build configuration list for PBXNativeTarget "TB优化新版(辛小二)" */;
			buildPhases = (
				D6F593313C8B026170DDA674 /* [CP] Check Pods Manifest.lock */,
				C4D4044E1F667A6B003A3A5F /* Sources */,
				C4D4044F1F667A6B003A3A5F /* Frameworks */,
				C4D404501F667A6B003A3A5F /* Resources */,
				0414E056016A35458A92EB62 /* [CP] Embed Pods Frameworks */,
				47C3E7BD81AC0B9BCB297E0E /* [CP] Copy Pods Resources */,
			);
			buildRules = (
			);
			dependencies = (
			);
			name = "TB优化新版(辛小二)";
			productName = "TB优化新版(辛小二)";
			productReference = C4D404521F667A6B003A3A5F /* TB优化新版(辛小二).app */;
			productType = "com.apple.product-type.application";
		};
		C4D4046A1F667A6B003A3A5F /* TB优化新版(辛小二)Tests */ = {
			isa = PBXNativeTarget;
			buildConfigurationList = C4D404821F667A6B003A3A5F /* Build configuration list for PBXNativeTarget "TB优化新版(辛小二)Tests" */;
			buildPhases = (
				C4D404671F667A6B003A3A5F /* Sources */,
				C4D404681F667A6B003A3A5F /* Frameworks */,
				C4D404691F667A6B003A3A5F /* Resources */,
			);
			buildRules = (
			);
			dependencies = (
				C4D4046D1F667A6B003A3A5F /* PBXTargetDependency */,
			);
			name = "TB优化新版(辛小二)Tests";
			productName = "TB优化新版(辛小二)Tests";
			productReference = C4D4046B1F667A6B003A3A5F /* TB优化新版(辛小二)Tests.xctest */;
			productType = "com.apple.product-type.bundle.unit-test";
		};
		C4D404751F667A6B003A3A5F /* TB优化新版(辛小二)UITests */ = {
			isa = PBXNativeTarget;
			buildConfigurationList = C4D404851F667A6B003A3A5F /* Build configuration list for PBXNativeTarget "TB优化新版(辛小二)UITests" */;
			buildPhases = (
				C4D404721F667A6B003A3A5F /* Sources */,
				C4D404731F667A6B003A3A5F /* Frameworks */,
				C4D404741F667A6B003A3A5F /* Resources */,
			);
			buildRules = (
			);
			dependencies = (
				C4D404781F667A6B003A3A5F /* PBXTargetDependency */,
			);
			name = "TB优化新版(辛小二)UITests";
			productName = "TB优化新版(辛小二)UITests";
			productReference = C4D404761F667A6B003A3A5F /* TB优化新版(辛小二)UITests.xctest */;
			productType = "com.apple.product-type.bundle.ui-testing";
		};
/* End PBXNativeTarget section */

/* Begin PBXProject section */
		C4D4044A1F667A6B003A3A5F /* Project object */ = {
			isa = PBXProject;
			attributes = {
				LastUpgradeCheck = 0830;
				ORGANIZATIONNAME = "TB优化新版(辛小二)";
				TargetAttributes = {
					C4D404511F667A6B003A3A5F = {
						CreatedOnToolsVersion = 8.3.3;
						ProvisioningStyle = Automatic;
					};
					C4D4046A1F667A6B003A3A5F = {
						CreatedOnToolsVersion = 8.3.3;
						ProvisioningStyle = Automatic;
						TestTargetID = C4D404511F667A6B003A3A5F;
					};
					C4D404751F667A6B003A3A5F = {
						CreatedOnToolsVersion = 8.3.3;
						ProvisioningStyle = Automatic;
						TestTargetID = C4D404511F667A6B003A3A5F;
					};
				};
			};
			buildConfigurationList = C4D4044D1F667A6B003A3A5F /* Build configuration list for PBXProject "TB优化新版(辛小二)" */;
			compatibilityVersion = "Xcode 3.2";
			developmentRegion = English;
			hasScannedForEncodings = 0;
			knownRegions = (
				en,
				Base,
			);
			mainGroup = C4D404491F667A6B003A3A5F;
			productRefGroup = C4D404531F667A6B003A3A5F /* Products */;
			projectDirPath = "";
			projectRoot = "";
			targets = (
				C4D404511F667A6B003A3A5F /* TB优化新版(辛小二) */,
				C4D4046A1F667A6B003A3A5F /* TB优化新版(辛小二)Tests */,
				C4D404751F667A6B003A3A5F /* TB优化新版(辛小二)UITests */,
			);
		};
/* End PBXProject section */

/* Begin PBXResourcesBuildPhase section */
		C4D404501F667A6B003A3A5F /* Resources */ = {
			isa = PBXResourcesBuildPhase;
			buildActionMask = 2147483647;
			files = (
				C4D404651F667A6B003A3A5F /* LaunchScreen.storyboard in Resources */,
				C4D404621F667A6B003A3A5F /* Assets.xcassets in Resources */,
				C4D404601F667A6B003A3A5F /* Main.storyboard in Resources */,
				C4D404BB1F668A32003A3A5F /* xzzViewController.xib in Resources */,
				C40801FB1F6774650057E680 /* xzzTableViewCell.xib in Resources */,
				C4D4048C1F668228003A3A5F /* data.json in Resources */,
			);
			runOnlyForDeploymentPostprocessing = 0;
		};
		C4D404691F667A6B003A3A5F /* Resources */ = {
			isa = PBXResourcesBuildPhase;
			buildActionMask = 2147483647;
			files = (
			);
			runOnlyForDeploymentPostprocessing = 0;
		};
		C4D404741F667A6B003A3A5F /* Resources */ = {
			isa = PBXResourcesBuildPhase;
			buildActionMask = 2147483647;
			files = (
			);
			runOnlyForDeploymentPostprocessing = 0;
		};
/* End PBXResourcesBuildPhase section */

/* Begin PBXShellScriptBuildPhase section */
		0414E056016A35458A92EB62 /* [CP] Embed Pods Frameworks */ = {
			isa = PBXShellScriptBuildPhase;
			buildActionMask = 2147483647;
			files = (
			);
			inputPaths = (
			);
			name = "[CP] Embed Pods Frameworks";
			outputPaths = (
			);
			runOnlyForDeploymentPostprocessing = 0;
			shellPath = /bin/sh;
			shellScript = "\"${SRCROOT}/Pods/Target Support Files/Pods-TB优化新版(辛小二)/Pods-TB优化新版(辛小二)-frameworks.sh\"\n";
			showEnvVarsInLog = 0;
		};
		47C3E7BD81AC0B9BCB297E0E /* [CP] Copy Pods Resources */ = {
			isa = PBXShellScriptBuildPhase;
			buildActionMask = 2147483647;
			files = (
			);
			inputPaths = (
			);
			name = "[CP] Copy Pods Resources";
			outputPaths = (
			);
			runOnlyForDeploymentPostprocessing = 0;
			shellPath = /bin/sh;
			shellScript = "\"${SRCROOT}/Pods/Target Support Files/Pods-TB优化新版(辛小二)/Pods-TB优化新版(辛小二)-resources.sh\"\n";
			showEnvVarsInLog = 0;
		};
		D6F593313C8B026170DDA674 /* [CP] Check Pods Manifest.lock */ = {
			isa = PBXShellScriptBuildPhase;
			buildActionMask = 2147483647;
			files = (
			);
			inputPaths = (
			);
			name = "[CP] Check Pods Manifest.lock";
			outputPaths = (
			);
			runOnlyForDeploymentPostprocessing = 0;
			shellPath = /bin/sh;
			shellScript = "diff \"${PODS_PODFILE_DIR_PATH}/Podfile.lock\" \"${PODS_ROOT}/Manifest.lock\" > /dev/null\nif [ $? != 0 ] ; then\n    # print error to STDERR\n    echo \"error: The sandbox is not in sync with the Podfile.lock. Run 'pod install' or update your CocoaPods installation.\" >&2\n    exit 1\nfi\n";
			showEnvVarsInLog = 0;
		};
/* End PBXShellScriptBuildPhase section */

/* Begin PBXSourcesBuildPhase section */
		C4D4044E1F667A6B003A3A5F /* Sources */ = {
			isa = PBXSourcesBuildPhase;
			buildActionMask = 2147483647;
			files = (
				C4D404BA1F668A32003A3A5F /* xzzViewController.m in Sources */,
				C4D404991F6686F1003A3A5F /* UITableView+FDTemplateLayoutCellDebug.m in Sources */,
				C4D4045A1F667A6B003A3A5F /* AppDelegate.m in Sources */,
				C4D404571F667A6B003A3A5F /* main.m in Sources */,
				C40801FA1F6774650057E680 /* xzzTableViewCell.m in Sources */,
				C4D404981F6686F1003A3A5F /* UITableView+FDTemplateLayoutCell.m in Sources */,
				C4D404B61F668969003A3A5F /* xzzModel.m in Sources */,
				C4D404961F6686F1003A3A5F /* UITableView+FDIndexPathHeightCache.m in Sources */,
				C4D404971F6686F1003A3A5F /* UITableView+FDKeyedHeightCache.m in Sources */,
			);
			runOnlyForDeploymentPostprocessing = 0;
		};
		C4D404671F667A6B003A3A5F /* Sources */ = {
			isa = PBXSourcesBuildPhase;
			buildActionMask = 2147483647;
			files = (
				C4D404701F667A6B003A3A5F /* TB_________Tests.m in Sources */,
			);
			runOnlyForDeploymentPostprocessing = 0;
		};
		C4D404721F667A6B003A3A5F /* Sources */ = {
			isa = PBXSourcesBuildPhase;
			buildActionMask = 2147483647;
			files = (
				C4D4047B1F667A6B003A3A5F /* TB_________UITests.m in Sources */,
			);
			runOnlyForDeploymentPostprocessing = 0;
		};
/* End PBXSourcesBuildPhase section */

/* Begin PBXTargetDependency section */
		C4D4046D1F667A6B003A3A5F /* PBXTargetDependency */ = {
			isa = PBXTargetDependency;
			target = C4D404511F667A6B003A3A5F /* TB优化新版(辛小二) */;
			targetProxy = C4D4046C1F667A6B003A3A5F /* PBXContainerItemProxy */;
		};
		C4D404781F667A6B003A3A5F /* PBXTargetDependency */ = {
			isa = PBXTargetDependency;
			target = C4D404511F667A6B003A3A5F /* TB优化新版(辛小二) */;
			targetProxy = C4D404771F667A6B003A3A5F /* PBXContainerItemProxy */;
		};
/* End PBXTargetDependency section */

/* Begin PBXVariantGroup section */
		C4D4045E1F667A6B003A3A5F /* Main.storyboard */ = {
			isa = PBXVariantGroup;
			children = (
				C4D4045F1F667A6B003A3A5F /* Base */,
			);
			name = Main.storyboard;
			sourceTree = "<group>";
		};
		C4D404631F667A6B003A3A5F /* LaunchScreen.storyboard */ = {
			isa = PBXVariantGroup;
			children = (
				C4D404641F667A6B003A3A5F /* Base */,
			);
			name = LaunchScreen.storyboard;
			sourceTree = "<group>";
		};
/* End PBXVariantGroup section */

/* Begin XCBuildConfiguration section */
		C4D4047D1F667A6B003A3A5F /* Debug */ = {
			isa = XCBuildConfiguration;
			buildSettings = {
				ALWAYS_SEARCH_USER_PATHS = NO;
				CLANG_ANALYZER_NONNULL = YES;
				CLANG_ANALYZER_NUMBER_OBJECT_CONVERSION = YES_AGGRESSIVE;
				CLANG_CXX_LANGUAGE_STANDARD = "gnu++0x";
				CLANG_CXX_LIBRARY = "libc++";
				CLANG_ENABLE_MODULES = YES;
				CLANG_ENABLE_OBJC_ARC = YES;
				CLANG_WARN_BOOL_CONVERSION = YES;
				CLANG_WARN_CONSTANT_CONVERSION = YES;
				CLANG_WARN_DIRECT_OBJC_ISA_USAGE = YES_ERROR;
				CLANG_WARN_DOCUMENTATION_COMMENTS = YES;
				CLANG_WARN_EMPTY_BODY = YES;
				CLANG_WARN_ENUM_CONVERSION = YES;
				CLANG_WARN_INFINITE_RECURSION = YES;
				CLANG_WARN_INT_CONVERSION = YES;
				CLANG_WARN_OBJC_ROOT_CLASS = YES_ERROR;
				CLANG_WARN_SUSPICIOUS_MOVE = YES;
				CLANG_WARN_UNREACHABLE_CODE = YES;
				CLANG_WARN__DUPLICATE_METHOD_MATCH = YES;
				"CODE_SIGN_IDENTITY[sdk=iphoneos*]" = "iPhone Developer";
				COPY_PHASE_STRIP = NO;
				DEBUG_INFORMATION_FORMAT = dwarf;
				ENABLE_STRICT_OBJC_MSGSEND = YES;
				ENABLE_TESTABILITY = YES;
				GCC_C_LANGUAGE_STANDARD = gnu99;
				GCC_DYNAMIC_NO_PIC = NO;
				GCC_NO_COMMON_BLOCKS = YES;
				GCC_OPTIMIZATION_LEVEL = 0;
				GCC_PREPROCESSOR_DEFINITIONS = (
					"DEBUG=1",
					"$(inherited)",
				);
				GCC_WARN_64_TO_32_BIT_CONVERSION = YES;
				GCC_WARN_ABOUT_RETURN_TYPE = YES_ERROR;
				GCC_WARN_UNDECLARED_SELECTOR = YES;
				GCC_WARN_UNINITIALIZED_AUTOS = YES_AGGRESSIVE;
				GCC_WARN_UNUSED_FUNCTION = YES;
				GCC_WARN_UNUSED_VARIABLE = YES;
				IPHONEOS_DEPLOYMENT_TARGET = 10.3;
				MTL_ENABLE_DEBUG_INFO = YES;
				ONLY_ACTIVE_ARCH = YES;
				SDKROOT = iphoneos;
				TARGETED_DEVICE_FAMILY = "1,2";
			};
			name = Debug;
		};
		C4D4047E1F667A6B003A3A5F /* Release */ = {
			isa = XCBuildConfiguration;
			buildSettings = {
				ALWAYS_SEARCH_USER_PATHS = NO;
				CLANG_ANALYZER_NONNULL = YES;
				CLANG_ANALYZER_NUMBER_OBJECT_CONVERSION = YES_AGGRESSIVE;
				CLANG_CXX_LANGUAGE_STANDARD = "gnu++0x";
				CLANG_CXX_LIBRARY = "libc++";
				CLANG_ENABLE_MODULES = YES;
				CLANG_ENABLE_OBJC_ARC = YES;
				CLANG_WARN_BOOL_CONVERSION = YES;
				CLANG_WARN_CONSTANT_CONVERSION = YES;
				CLANG_WARN_DIRECT_OBJC_ISA_USAGE = YES_ERROR;
				CLANG_WARN_DOCUMENTATION_COMMENTS = YES;
				CLANG_WARN_EMPTY_BODY = YES;
				CLANG_WARN_ENUM_CONVERSION = YES;
				CLANG_WARN_INFINITE_RECURSION = YES;
				CLANG_WARN_INT_CONVERSION = YES;
				CLANG_WARN_OBJC_ROOT_CLASS = YES_ERROR;
				CLANG_WARN_SUSPICIOUS_MOVE = YES;
				CLANG_WARN_UNREACHABLE_CODE = YES;
				CLANG_WARN__DUPLICATE_METHOD_MATCH = YES;
				"CODE_SIGN_IDENTITY[sdk=iphoneos*]" = "iPhone Developer";
				COPY_PHASE_STRIP = NO;
				DEBUG_INFORMATION_FORMAT = "dwarf-with-dsym";
				ENABLE_NS_ASSERTIONS = NO;
				ENABLE_STRICT_OBJC_MSGSEND = YES;
				GCC_C_LANGUAGE_STANDARD = gnu99;
				GCC_NO_COMMON_BLOCKS = YES;
				GCC_WARN_64_TO_32_BIT_CONVERSION = YES;
				GCC_WARN_ABOUT_RETURN_TYPE = YES_ERROR;
				GCC_WARN_UNDECLARED_SELECTOR = YES;
				GCC_WARN_UNINITIALIZED_AUTOS = YES_AGGRESSIVE;
				GCC_WARN_UNUSED_FUNCTION = YES;
				GCC_WARN_UNUSED_VARIABLE = YES;
				IPHONEOS_DEPLOYMENT_TARGET = 10.3;
				MTL_ENABLE_DEBUG_INFO = NO;
				SDKROOT = iphoneos;
				TARGETED_DEVICE_FAMILY = "1,2";
				VALIDATE_PRODUCT = YES;
			};
			name = Release;
		};
		C4D404801F667A6B003A3A5F /* Debug */ = {
			isa = XCBuildConfiguration;
			baseConfigurationReference = 9FFFFAB54B7160AFA9D91C93 /* Pods-TB优化新版(辛小二).debug.xcconfig */;
			buildSettings = {
				ASSETCATALOG_COMPILER_APPICON_NAME = AppIcon;
				INFOPLIST_FILE = "TB优化新版(辛小二)/Info.plist";
				LD_RUNPATH_SEARCH_PATHS = "$(inherited) @executable_path/Frameworks";
				PRODUCT_BUNDLE_IDENTIFIER = "app-------.TB---------";
				PRODUCT_NAME = "$(TARGET_NAME)";
			};
			name = Debug;
		};
		C4D404811F667A6B003A3A5F /* Release */ = {
			isa = XCBuildConfiguration;
			baseConfigurationReference = EA7097C27CDBA54913C9E67B /* Pods-TB优化新版(辛小二).release.xcconfig */;
			buildSettings = {
				ASSETCATALOG_COMPILER_APPICON_NAME = AppIcon;
				INFOPLIST_FILE = "TB优化新版(辛小二)/Info.plist";
				LD_RUNPATH_SEARCH_PATHS = "$(inherited) @executable_path/Frameworks";
				PRODUCT_BUNDLE_IDENTIFIER = "app-------.TB---------";
				PRODUCT_NAME = "$(TARGET_NAME)";
			};
			name = Release;
		};
		C4D404831F667A6B003A3A5F /* Debug */ = {
			isa = XCBuildConfiguration;
			buildSettings = {
				BUNDLE_LOADER = "$(TEST_HOST)";
				INFOPLIST_FILE = "TB优化新版(辛小二)Tests/Info.plist";
				LD_RUNPATH_SEARCH_PATHS = "$(inherited) @executable_path/Frameworks @loader_path/Frameworks";
				PRODUCT_BUNDLE_IDENTIFIER = "app-------.TB---------Tests";
				PRODUCT_NAME = "$(TARGET_NAME)";
				TEST_HOST = "$(BUILT_PRODUCTS_DIR)/TB优化新版(辛小二).app/TB优化新版(辛小二)";
			};
			name = Debug;
		};
		C4D404841F667A6B003A3A5F /* Release */ = {
			isa = XCBuildConfiguration;
			buildSettings = {
				BUNDLE_LOADER = "$(TEST_HOST)";
				INFOPLIST_FILE = "TB优化新版(辛小二)Tests/Info.plist";
				LD_RUNPATH_SEARCH_PATHS = "$(inherited) @executable_path/Frameworks @loader_path/Frameworks";
				PRODUCT_BUNDLE_IDENTIFIER = "app-------.TB---------Tests";
				PRODUCT_NAME = "$(TARGET_NAME)";
				TEST_HOST = "$(BUILT_PRODUCTS_DIR)/TB优化新版(辛小二).app/TB优化新版(辛小二)";
			};
			name = Release;
		};
		C4D404861F667A6B003A3A5F /* Debug */ = {
			isa = XCBuildConfiguration;
			buildSettings = {
				INFOPLIST_FILE = "TB优化新版(辛小二)UITests/Info.plist";
				LD_RUNPATH_SEARCH_PATHS = "$(inherited) @executable_path/Frameworks @loader_path/Frameworks";
				PRODUCT_BUNDLE_IDENTIFIER = "app-------.TB---------UITests";
				PRODUCT_NAME = "$(TARGET_NAME)";
				TEST_TARGET_NAME = "TB优化新版(辛小二)";
			};
			name = Debug;
		};
		C4D404871F667A6B003A3A5F /* Release */ = {
			isa = XCBuildConfiguration;
			buildSettings = {
				INFOPLIST_FILE = "TB优化新版(辛小二)UITests/Info.plist";
				LD_RUNPATH_SEARCH_PATHS = "$(inherited) @executable_path/Frameworks @loader_path/Frameworks";
				PRODUCT_BUNDLE_IDENTIFIER = "app-------.TB---------UITests";
				PRODUCT_NAME = "$(TARGET_NAME)";
				TEST_TARGET_NAME = "TB优化新版(辛小二)";
			};
			name = Release;
		};
/* End XCBuildConfiguration section */

/* Begin XCConfigurationList section */
		C4D4044D1F667A6B003A3A5F /* Build configuration list for PBXProject "TB优化新版(辛小二)" */ = {
			isa = XCConfigurationList;
			buildConfigurations = (
				C4D4047D1F667A6B003A3A5F /* Debug */,
				C4D4047E1F667A6B003A3A5F /* Release */,
			);
			defaultConfigurationIsVisible = 0;
			defaultConfigurationName = Release;
		};
		C4D4047F1F667A6B003A3A5F /* Build configuration list for PBXNativeTarget "TB优化新版(辛小二)" */ = {
			isa = XCConfigurationList;
			buildConfigurations = (
				C4D404801F667A6B003A3A5F /* Debug */,
				C4D404811F667A6B003A3A5F /* Release */,
			);
			defaultConfigurationIsVisible = 0;
			defaultConfigurationName = Release;
		};
		C4D404821F667A6B003A3A5F /* Build configuration list for PBXNativeTarget "TB优化新版(辛小二)Tests" */ = {
			isa = XCConfigurationList;
			buildConfigurations = (
				C4D404831F667A6B003A3A5F /* Debug */,
				C4D404841F667A6B003A3A5F /* Release */,
			);
			defaultConfigurationIsVisible = 0;
			defaultConfigurationName = Release;
		};
		C4D404851F667A6B003A3A5F /* Build configuration list for PBXNativeTarget "TB优化新版(辛小二)UITests" */ = {
			isa = XCConfigurationList;
			buildConfigurations = (
				C4D404861F667A6B003A3A5F /* Debug */,
				C4D404871F667A6B003A3A5F /* Release */,
			);
			defaultConfigurationIsVisible = 0;
			defaultConfigurationName = Release;
		};
/* End XCConfigurationList section */
	};
	rootObject = C4D4044A1F667A6B003A3A5F /* Project object */;
}
